
Microsoft Visual Studio Solution File, Format Version 12.00
# Visual Studio Version 16
VisualStudioVersion = 16.0.29123.88
MinimumVisualStudioVersion = 10.0.40219.1
Project("{FAE04EC0-301F-11D3-BF4B-00C04F79EFBC}") = "Laboratorio_Smith_Pedro-Estefany", "Laboratorio_Smith_Pedro-Estefany.csproj", "{DB51BDE8-34C6-4C9C-AF1B-80ECC864EBBA}"
EndProject
Global
	GlobalSection(SolutionConfigurationPlatforms) = preSolution
		Debug|Any CPU = Debug|Any CPU
		Release|Any CPU = Release|Any CPU
	EndGlobalSection
	GlobalSection(ProjectConfigurationPlatforms) = postSolution
		{DB51BDE8-34C6-4C9C-AF1B-80ECC864EBBA}.Debug|Any CPU.ActiveCfg = Debug|Any CPU
		{DB51BDE8-34C6-4C9C-AF1B-80ECC864EBBA}.Debug|Any CPU.Build.0 = Debug|Any CPU
		{DB51BDE8-34C6-4C9C-AF1B-80ECC864EBBA}.Release|Any CPU.ActiveCfg = Release|Any CPU
		{DB51BDE8-34C6-4C9C-AF1B-80ECC864EBBA}.Release|Any CPU.Build.0 = Release|Any CPU
	EndGlobalSection
	GlobalSection(SolutionProperties) = preSolution
		HideSolutionNode = FALSE
	EndGlobalSection
	GlobalSection(ExtensibilityGlobals) = postSolution
		SolutionGuid = {8D85FB92-6D3A-4685-98C7-81C9B26A2BC6}
	EndGlobalSection
EndGlobal
